
Microsoft Visual Studio Solution File, Format Version 12.00
# Visual Studio 15
VisualStudioVersion = 15.0.26124.0
MinimumVisualStudioVersion = 15.0.26124.0
Project("{FAE04EC0-301F-11D3-BF4B-00C04F79EFBC}") = "SampleBinaryClassification.ConsoleApp", "SampleBinaryClassification.ConsoleApp\SampleBinaryClassification.ConsoleApp.csproj", "{5A432720-7C3E-45C6-96A6-AD552B3B6F55}"
EndProject
Project("{FAE04EC0-301F-11D3-BF4B-00C04F79EFBC}") = "SampleBinaryClassification.Model", "SampleBinaryClassification.Model\SampleBinaryClassification.Model.csproj", "{ABB5281A-E940-433E-AEEA-E4B0432DBBCE}"
EndProject
Global
	GlobalSection(SolutionConfigurationPlatforms) = preSolution
		Debug|Any CPU = Debug|Any CPU
		Debug|x64 = Debug|x64
		Debug|x86 = Debug|x86
		Release|Any CPU = Release|Any CPU
		Release|x64 = Release|x64
		Release|x86 = Release|x86
	EndGlobalSection
	GlobalSection(SolutionProperties) = preSolution
		HideSolutionNode = FALSE
	EndGlobalSection
	GlobalSection(ProjectConfigurationPlatforms) = postSolution
		{5A432720-7C3E-45C6-96A6-AD552B3B6F55}.Debug|Any CPU.ActiveCfg = Debug|Any CPU
		{5A432720-7C3E-45C6-96A6-AD552B3B6F55}.Debug|Any CPU.Build.0 = Debug|Any CPU
		{5A432720-7C3E-45C6-96A6-AD552B3B6F55}.Debug|x64.ActiveCfg = Debug|Any CPU
		{5A432720-7C3E-45C6-96A6-AD552B3B6F55}.Debug|x64.Build.0 = Debug|Any CPU
		{5A432720-7C3E-45C6-96A6-AD552B3B6F55}.Debug|x86.ActiveCfg = Debug|Any CPU
		{5A432720-7C3E-45C6-96A6-AD552B3B6F55}.Debug|x86.Build.0 = Debug|Any CPU
		{5A432720-7C3E-45C6-96A6-AD552B3B6F55}.Release|Any CPU.ActiveCfg = Release|Any CPU
		{5A432720-7C3E-45C6-96A6-AD552B3B6F55}.Release|Any CPU.Build.0 = Release|Any CPU
		{5A432720-7C3E-45C6-96A6-AD552B3B6F55}.Release|x64.ActiveCfg = Release|Any CPU
		{5A432720-7C3E-45C6-96A6-AD552B3B6F55}.Release|x64.Build.0 = Release|Any CPU
		{5A432720-7C3E-45C6-96A6-AD552B3B6F55}.Release|x86.ActiveCfg = Release|Any CPU
		{5A432720-7C3E-45C6-96A6-AD552B3B6F55}.Release|x86.Build.0 = Release|Any CPU
		{ABB5281A-E940-433E-AEEA-E4B0432DBBCE}.Debug|Any CPU.ActiveCfg = Debug|Any CPU
		{ABB5281A-E940-433E-AEEA-E4B0432DBBCE}.Debug|Any CPU.Build.0 = Debug|Any CPU
		{ABB5281A-E940-433E-AEEA-E4B0432DBBCE}.Debug|x64.ActiveCfg = Debug|Any CPU
		{ABB5281A-E940-433E-AEEA-E4B0432DBBCE}.Debug|x64.Build.0 = Debug|Any CPU
		{ABB5281A-E940-433E-AEEA-E4B0432DBBCE}.Debug|x86.ActiveCfg = Debug|Any CPU
		{ABB5281A-E940-433E-AEEA-E4B0432DBBCE}.Debug|x86.Build.0 = Debug|Any CPU
		{ABB5281A-E940-433E-AEEA-E4B0432DBBCE}.Release|Any CPU.ActiveCfg = Release|Any CPU
		{ABB5281A-E940-433E-AEEA-E4B0432DBBCE}.Release|Any CPU.Build.0 = Release|Any CPU
		{ABB5281A-E940-433E-AEEA-E4B0432DBBCE}.Release|x64.ActiveCfg = Release|Any CPU
		{ABB5281A-E940-433E-AEEA-E4B0432DBBCE}.Release|x64.Build.0 = Release|Any CPU
		{ABB5281A-E940-433E-AEEA-E4B0432DBBCE}.Release|x86.ActiveCfg = Release|Any CPU
		{ABB5281A-E940-433E-AEEA-E4B0432DBBCE}.Release|x86.Build.0 = Release|Any CPU
	EndGlobalSection
EndGlobal
